# -------------------------------------------------------------------------- #
#
# Copyright (C) 1991-2013 Altera Corporation
# Your use of Altera Corporation's design tools, logic functions 
# and other software and tools, and its AMPP partner logic 
# functions, and any output files from any of the foregoing 
# (including device programming or simulation files), and any 
# associated documentation or information are expressly subject 
# to the terms and conditions of the Altera Program License 
# Subscription Agreement, Altera MegaCore Function License 
# Agreement, or other applicable license agreement, including, 
# without limitation, that your use is for the sole purpose of 
# programming logic devices manufactured by Altera and sold by 
# Altera or its authorized distributors.  Please refer to the 
# applicable agreement for further details.
#
# -------------------------------------------------------------------------- #
#
# Quartus II 64-Bit
# Version 13.0.1 Build 232 06/12/2013 Service Pack 1 SJ Web Edition
# Date created = 09:46:19  March 20, 2026
#
# -------------------------------------------------------------------------- #
#
# Notes:
#
# 1) The default values for assignments are stored in the file:
#		test_sistema_completo_assignment_defaults.qdf
#    If this file doesn't exist, see file:
#		assignment_defaults.qdf
#
# 2) Altera recommends that you do not modify this file. This
#    file is updated automatically by the Quartus II software
#    and any changes you make may be lost or overwritten.
#
# -------------------------------------------------------------------------- #


set_global_assignment -name FAMILY "Cyclone IV E"
set_global_assignment -name DEVICE EP4CE115F29C7
set_global_assignment -name TOP_LEVEL_ENTITY main
set_global_assignment -name ORIGINAL_QUARTUS_VERSION "13.0 SP1"
set_global_assignment -name PROJECT_CREATION_TIME_DATE "09:46:19  MARCH 20, 2026"
set_global_assignment -name LAST_QUARTUS_VERSION "13.0 SP1"
set_global_assignment -name PROJECT_OUTPUT_DIRECTORY output_files
set_global_assignment -name MIN_CORE_JUNCTION_TEMP 0
set_global_assignment -name MAX_CORE_JUNCTION_TEMP 85
set_global_assignment -name ERROR_CHECK_FREQUENCY_DIVISOR 1
set_global_assignment -name VHDL_FILE controlador.vhd
set_global_assignment -name VHDL_FILE UART_RX.vhd
set_global_assignment -name VHDL_FILE UART_TX.vhd
set_global_assignment -name VHDL_FILE single_port_ram.vhd
set_global_assignment -name VHDL_FILE register_bank.vhd
set_global_assignment -name VHDL_FILE main_AES.vhd
set_global_assignment -name VHDL_FILE mix_columns.vhd
set_global_assignment -name VHDL_FILE sbox_rom.vhd
set_global_assignment -name VHDL_FILE key_expansion_128.vhd
set_global_assignment -name VHDL_FILE byte_register.vhd
set_global_assignment -name VHDL_FILE demux1to4.vhd
set_global_assignment -name VHDL_FILE mux2to1_32.vhd
set_global_assignment -name VHDL_FILE word_register.vhd
set_global_assignment -name VHDL_FILE binary_counter.vhd
set_global_assignment -name VHDL_FILE decoder_2to4.vhd
set_global_assignment -name VHDL_FILE key_expansion_192.vhd
set_global_assignment -name VHDL_FILE key_expansion_256.vhd
set_global_assignment -name VHDL_FILE main.vhd
set_global_assignment -name VHDL_FILE mux4to1.vhd
set_global_assignment -name PARTITION_NETLIST_TYPE SOURCE -section_id Top
set_global_assignment -name PARTITION_FITTER_PRESERVATION_LEVEL PLACEMENT_AND_ROUTING -section_id Top
set_global_assignment -name PARTITION_COLOR 16764057 -section_id Top
set_global_assignment -name STRATIX_DEVICE_IO_STANDARD "2.5 V"
set_location_assignment PIN_G12 -to UART_data_in
set_location_assignment PIN_G9 -to UART_data_out
set_location_assignment PIN_Y2 -to clk
set_location_assignment PIN_M23 -to reset
set_location_assignment PIN_E25 -to state_out[2]
set_location_assignment PIN_E22 -to state_out[1]
set_location_assignment PIN_E21 -to state_out[0]
set_global_assignment -name VHDL_FILE register_out.vhd
set_global_assignment -name VHDL_FILE mux2to1.vhd
set_location_assignment PIN_E24 -to state_out[3]
set_global_assignment -name VHDL_FILE sbox_generator.vhd
set_global_assignment -name VHDL_FILE lorenz.vhd
set_global_assignment -name VHDL_FILE rossler.vhd
set_global_assignment -name VHDL_FILE mapa_logistico.vhd
set_global_assignment -name VHDL_FILE sbox_caotica.vhd
set_global_assignment -name VHDL_FILE mux8to1.vhd
set_global_assignment -name VHDL_FILE mux_generic.vhd
set_global_assignment -name OPTIMIZE_HOLD_TIMING "ALL PATHS"
set_global_assignment -name OPTIMIZE_MULTI_CORNER_TIMING ON
set_global_assignment -name AUTO_DELAY_CHAINS OFF
set_global_assignment -name POWER_PRESET_COOLING_SOLUTION "23 MM HEAT SINK WITH 200 LFPM AIRFLOW"
set_global_assignment -name POWER_BOARD_THERMAL_MODEL "NONE (CONSERVATIVE)"
set_location_assignment PIN_G19 -to done_cypher_out
set_location_assignment PIN_F19 -to done_key_128_out
set_location_assignment PIN_E19 -to done_key_192_out
set_location_assignment PIN_F21 -to done_key_256_out
set_location_assignment PIN_F18 -to done_lorenz_out
set_location_assignment PIN_E18 -to done_mlog_out
set_location_assignment PIN_J19 -to done_rossler_out
set_location_assignment PIN_H19 -to done_sbox_out
set_location_assignment PIN_H17 -to FLAG_SEND
set_location_assignment PIN_J16 -to FLAG_KEY_READY
set_location_assignment PIN_H16 -to FLAG_DATA_READY
set_global_assignment -name SDC_FILE SDC1.sdc
set_global_assignment -name FITTER_EFFORT "STANDARD FIT"
set_location_assignment PIN_F15 -to FLAG_SBOX_GEN
set_global_assignment -name VHDL_FILE mux4to1_8.vhd
set_location_assignment PIN_G15 -to FLAG_INVALID_DATA
set_instance_assignment -name PARTITION_HIERARCHY root_partition -to | -section_id Top